// !$*UTF8*$!
{
	archiveVersion = 1;
	classes = {
	};
	objectVersion = 77;
	objects = {

/* Begin PBXContainerItemProxy section */
		EDCCC4402E103DAB004395AF /* PBXContainerItemProxy */ = {
			isa = PBXContainerItemProxy;
			containerPortal = EDCCC4272E103DAB004395AF /* Project object */;
			proxyType = 1;
			remoteGlobalIDString = EDCCC42E2E103DAB004395AF;
			remoteInfo = CustomeTabBar;
		};
		EDCCC44A2E103DAB004395AF /* PBXContainerItemProxy */ = {
			isa = PBXContainerItemProxy;
			containerPortal = EDCCC4272E103DAB004395AF /* Project object */;
			proxyType = 1;
			remoteGlobalIDString = EDCCC42E2E103DAB004395AF;
			remoteInfo = CustomeTabBar;
		};
/* End PBXContainerItemProxy section */

/* Begin PBXFileReference section */
		EDCCC42F2E103DAB004395AF /* CustomeTabBar.app */ = {isa = PBXFileReference; explicitFileType = wrapper.application; includeInIndex = 0; path = CustomeTabBar.app; sourceTree = BUILT_PRODUCTS_DIR; };
		EDCCC43F2E103DAB004395AF /* CustomeTabBarTests.xctest */ = {isa = PBXFileReference; explicitFileType = wrapper.cfbundle; includeInIndex = 0; path = CustomeTabBarTests.xctest; sourceTree = BUILT_PRODUCTS_DIR; };
		EDCCC4492E103DAB004395AF /* CustomeTabBarUITests.xctest */ = {isa = PBXFileReference; explicitFileType = wrapper.cfbundle; includeInIndex = 0; path = CustomeTabBarUITests.xctest; sourceTree = BUILT_PRODUCTS_DIR; };
/* End PBXFileReference section */

/* Begin PBXFileSystemSynchronizedRootGroup section */
		EDCCC4312E103DAB004395AF /* CustomeTabBar */ = {
			isa = PBXFileSystemSynchronizedRootGroup;
			path = CustomeTabBar;
			sourceTree = "<group>";
		};
		EDCCC4422E103DAB004395AF /* CustomeTabBarTests */ = {
			isa = PBXFileSystemSynchronizedRootGroup;
			path = CustomeTabBarTests;
			sourceTree = "<group>";
		};
		EDCCC44C2E103DAB004395AF /* CustomeTabBarUITests */ = {
			isa = PBXFileSystemSynchronizedRootGroup;
			path = CustomeTabBarUITests;
			sourceTree = "<group>";
		};
/* End PBXFileSystemSynchronizedRootGroup section */

/* Begin PBXFrameworksBuildPhase section */
		EDCCC42C2E103DAB004395AF /* Frameworks */ = {
			isa = PBXFrameworksBuildPhase;
			buildActionMask = 2147483647;
			files = (
			);
			runOnlyForDeploymentPostprocessing = 0;
		};
		EDCCC43C2E103DAB004395AF /* Frameworks */ = {
			isa = PBXFrameworksBuildPhase;
			buildActionMask = 2147483647;
			files = (
			);
			runOnlyForDeploymentPostprocessing = 0;
		};
		EDCCC4462E103DAB004395AF /* Frameworks */ = {
			isa = PBXFrameworksBuildPhase;
			buildActionMask = 2147483647;
			files = (
			);
			runOnlyForDeploymentPostprocessing = 0;
		};
/* End PBXFrameworksBuildPhase section */

/* Begin PBXGroup section */
		EDCCC4262E103DAB004395AF = {
			isa = PBXGroup;
			children = (
				EDCCC4312E103DAB004395AF /* CustomeTabBar */,
				EDCCC4422E103DAB004395AF /* CustomeTabBarTests */,
				EDCCC44C2E103DAB004395AF /* CustomeTabBarUITests */,
				EDCCC4302E103DAB004395AF /* Products */,
			);
			sourceTree = "<group>";
		};
		EDCCC4302E103DAB004395AF /* Products */ = {
			isa = PBXGroup;
			children = (
				EDCCC42F2E103DAB004395AF /* CustomeTabBar.app */,
				EDCCC43F2E103DAB004395AF /* CustomeTabBarTests.xctest */,
				EDCCC4492E103DAB004395AF /* CustomeTabBarUITests.xctest */,
			);
			name = Products;
			sourceTree = "<group>";
		};
/* End PBXGroup section */

/* Begin PBXNativeTarget section */
		EDCCC42E2E103DAB004395AF /* CustomeTabBar */ = {
			isa = PBXNativeTarget;
			buildConfigurationList = EDCCC4532E103DAB004395AF /* Build configuration list for PBXNativeTarget "CustomeTabBar" */;
			buildPhases = (
				EDCCC42B2E103DAB004395AF /* Sources */,
				EDCCC42C2E103DAB004395AF /* Frameworks */,
				EDCCC42D2E103DAB004395AF /* Resources */,
			);
			buildRules = (
			);
			dependencies = (
			);
			fileSystemSynchronizedGroups = (
				EDCCC4312E103DAB004395AF /* CustomeTabBar */,
			);
			name = CustomeTabBar;
			packageProductDependencies = (
			);
			productName = CustomeTabBar;
			productReference = EDCCC42F2E103DAB004395AF /* CustomeTabBar.app */;
			productType = "com.apple.product-type.application";
		};
		EDCCC43E2E103DAB004395AF /* CustomeTabBarTests */ = {
			isa = PBXNativeTarget;
			buildConfigurationList = EDCCC4562E103DAB004395AF /* Build configuration list for PBXNativeTarget "CustomeTabBarTests" */;
			buildPhases = (
				EDCCC43B2E103DAB004395AF /* Sources */,
				EDCCC43C2E103DAB004395AF /* Frameworks */,
				EDCCC43D2E103DAB004395AF /* Resources */,
			);
			buildRules = (
			);
			dependencies = (
				EDCCC4412E103DAB004395AF /* PBXTargetDependency */,
			);
			fileSystemSynchronizedGroups = (
				EDCCC4422E103DAB004395AF /* CustomeTabBarTests */,
			);
			name = CustomeTabBarTests;
			packageProductDependencies = (
			);
			productName = CustomeTabBarTests;
			productReference = EDCCC43F2E103DAB004395AF /* CustomeTabBarTests.xctest */;
			productType = "com.apple.product-type.bundle.unit-test";
		};
		EDCCC4482E103DAB004395AF /* CustomeTabBarUITests */ = {
			isa = PBXNativeTarget;
			buildConfigurationList = EDCCC4592E103DAB004395AF /* Build configuration list for PBXNativeTarget "CustomeTabBarUITests" */;
			buildPhases = (
				EDCCC4452E103DAB004395AF /* Sources */,
				EDCCC4462E103DAB004395AF /* Frameworks */,
				EDCCC4472E103DAB004395AF /* Resources */,
			);
			buildRules = (
			);
			dependencies = (
				EDCCC44B2E103DAB004395AF /* PBXTargetDependency */,
			);
			fileSystemSynchronizedGroups = (
				EDCCC44C2E103DAB004395AF /* CustomeTabBarUITests */,
			);
			name = CustomeTabBarUITests;
			packageProductDependencies = (
			);
			productName = CustomeTabBarUITests;
			productReference = EDCCC4492E103DAB004395AF /* CustomeTabBarUITests.xctest */;
			productType = "com.apple.product-type.bundle.ui-testing";
		};
/* End PBXNativeTarget section */

/* Begin PBXProject section */
		EDCCC4272E103DAB004395AF /* Project object */ = {
			isa = PBXProject;
			attributes = {
				BuildIndependentTargetsInParallel = 1;
				LastSwiftUpdateCheck = 1620;
				LastUpgradeCheck = 1620;
				TargetAttributes = {
					EDCCC42E2E103DAB004395AF = {
						CreatedOnToolsVersion = 16.2;
					};
					EDCCC43E2E103DAB004395AF = {
						CreatedOnToolsVersion = 16.2;
						TestTargetID = EDCCC42E2E103DAB004395AF;
					};
					EDCCC4482E103DAB004395AF = {
						CreatedOnToolsVersion = 16.2;
						TestTargetID = EDCCC42E2E103DAB004395AF;
					};
				};
			};
			buildConfigurationList = EDCCC42A2E103DAB004395AF /* Build configuration list for PBXProject "CustomeTabBar" */;
			developmentRegion = en;
			hasScannedForEncodings = 0;
			knownRegions = (
				en,
				Base,
			);
			mainGroup = EDCCC4262E103DAB004395AF;
			minimizedProjectReferenceProxies = 1;
			preferredProjectObjectVersion = 77;
			productRefGroup = EDCCC4302E103DAB004395AF /* Products */;
			projectDirPath = "";
			projectRoot = "";
			targets = (
				EDCCC42E2E103DAB004395AF /* CustomeTabBar */,
				EDCCC43E2E103DAB004395AF /* CustomeTabBarTests */,
				EDCCC4482E103DAB004395AF /* CustomeTabBarUITests */,
			);
		};
/* End PBXProject section */

/* Begin PBXResourcesBuildPhase section */
		EDCCC42D2E103DAB004395AF /* Resources */ = {
			isa = PBXResourcesBuildPhase;
			buildActionMask = 2147483647;
			files = (
			);
			runOnlyForDeploymentPostprocessing = 0;
		};
		EDCCC43D2E103DAB004395AF /* Resources */ = {
			isa = PBXResourcesBuildPhase;
			buildActionMask = 2147483647;
			files = (
			);
			runOnlyForDeploymentPostprocessing = 0;
		};
		EDCCC4472E103DAB004395AF /* Resources */ = {
			isa = PBXResourcesBuildPhase;
			buildActionMask = 2147483647;
			files = (
			);
			runOnlyForDeploymentPostprocessing = 0;
		};
/* End PBXResourcesBuildPhase section */

/* Begin PBXSourcesBuildPhase section */
		EDCCC42B2E103DAB004395AF /* Sources */ = {
			isa = PBXSourcesBuildPhase;
			buildActionMask = 2147483647;
			files = (
			);
			runOnlyForDeploymentPostprocessing = 0;
		};
		EDCCC43B2E103DAB004395AF /* Sources */ = {
			isa = PBXSourcesBuildPhase;
			buildActionMask = 2147483647;
			files = (
			);
			runOnlyForDeploymentPostprocessing = 0;
		};
		EDCCC4452E103DAB004395AF /* Sources */ = {
			isa = PBXSourcesBuildPhase;
			buildActionMask = 2147483647;
			files = (
			);
			runOnlyForDeploymentPostprocessing = 0;
		};
/* End PBXSourcesBuildPhase section */

/* Begin PBXTargetDependency section */
		EDCCC4412E103DAB004395AF /* PBXTargetDependency */ = {
			isa = PBXTargetDependency;
			target = EDCCC42E2E103DAB004395AF /* CustomeTabBar */;
			targetProxy = EDCCC4402E103DAB004395AF /* PBXContainerItemProxy */;
		};
		EDCCC44B2E103DAB004395AF /* PBXTargetDependency */ = {
			isa = PBXTargetDependency;
			target = EDCCC42E2E103DAB004395AF /* CustomeTabBar */;
			targetProxy = EDCCC44A2E103DAB004395AF /* PBXContainerItemProxy */;
		};
/* End PBXTargetDependency section */

/* Begin XCBuildConfiguration section */
		EDCCC4512E103DAB004395AF /* Debug */ = {
			isa = XCBuildConfiguration;
			buildSettings = {
				ALWAYS_SEARCH_USER_PATHS = NO;
				ASSETCATALOG_COMPILER_GENERATE_SWIFT_ASSET_SYMBOL_EXTENSIONS = YES;
				CLANG_ANALYZER_NONNULL = YES;
				CLANG_ANALYZER_NUMBER_OBJECT_CONVERSION = YES_AGGRESSIVE;
				CLANG_CXX_LANGUAGE_STANDARD = "gnu++20";
				CLANG_ENABLE_MODULES = YES;
				CLANG_ENABLE_OBJC_ARC = YES;
				CLANG_ENABLE_OBJC_WEAK = YES;
				CLANG_WARN_BLOCK_CAPTURE_AUTORELEASING = YES;
				CLANG_WARN_BOOL_CONVERSION = YES;
				CLANG_WARN_COMMA = YES;
				CLANG_WARN_CONSTANT_CONVERSION = YES;
				CLANG_WARN_DEPRECATED_OBJC_IMPLEMENTATIONS = YES;
				CLANG_WARN_DIRECT_OBJC_ISA_USAGE = YES_ERROR;
				CLANG_WARN_DOCUMENTATION_COMMENTS = YES;
				CLANG_WARN_EMPTY_BODY = YES;
				CLANG_WARN_ENUM_CONVERSION = YES;
				CLANG_WARN_INFINITE_RECURSION = YES;
				CLANG_WARN_INT_CONVERSION = YES;
				CLANG_WARN_NON_LITERAL_NULL_CONVERSION = YES;
				CLANG_WARN_OBJC_IMPLICIT_RETAIN_SELF = YES;
				CLANG_WARN_OBJC_LITERAL_CONVERSION = YES;
				CLANG_WARN_OBJC_ROOT_CLASS = YES_ERROR;
				CLANG_WARN_QUOTED_INCLUDE_IN_FRAMEWORK_HEADER = YES;
				CLANG_WARN_RANGE_LOOP_ANALYSIS = YES;
				CLANG_WARN_STRICT_PROTOTYPES = YES;
				CLANG_WARN_SUSPICIOUS_MOVE = YES;
				CLANG_WARN_UNGUARDED_AVAILABILITY = YES_AGGRESSIVE;
				CLANG_WARN_UNREACHABLE_CODE = YES;
				CLANG_WARN__DUPLICATE_METHOD_MATCH = YES;
				COPY_PHASE_STRIP = NO;
				DEBUG_INFORMATION_FORMAT = dwarf;
				ENABLE_STRICT_OBJC_MSGSEND = YES;
				ENABLE_TESTABILITY = YES;
				ENABLE_USER_SCRIPT_SANDBOXING = YES;
				GCC_C_LANGUAGE_STANDARD = gnu17;
				GCC_DYNAMIC_NO_PIC = NO;
				GCC_NO_COMMON_BLOCKS = YES;
				GCC_OPTIMIZATION_LEVEL = 0;
				GCC_PREPROCESSOR_DEFINITIONS = (
					"DEBUG=1",
					"$(inherited)",
				);
				GCC_WARN_64_TO_32_BIT_CONVERSION = YES;
				GCC_WARN_ABOUT_RETURN_TYPE = YES_ERROR;
				GCC_WARN_UNDECLARED_SELECTOR = YES;
				GCC_WARN_UNINITIALIZED_AUTOS = YES_AGGRESSIVE;
				GCC_WARN_UNUSED_FUNCTION = YES;
				GCC_WARN_UNUSED_VARIABLE = YES;
				IPHONEOS_DEPLOYMENT_TARGET = 18.2;
				LOCALIZATION_PREFERS_STRING_CATALOGS = YES;
				MTL_ENABLE_DEBUG_INFO = INCLUDE_SOURCE;
				MTL_FAST_MATH = YES;
				ONLY_ACTIVE_ARCH = YES;
				SDKROOT = iphoneos;
				SWIFT_ACTIVE_COMPILATION_CONDITIONS = "DEBUG $(inherited)";
				SWIFT_OPTIMIZATION_LEVEL = "-Onone";
			};
			name = Debug;
		};
		EDCCC4522E103DAB004395AF /* Release */ = {
			isa = XCBuildConfiguration;
			buildSettings = {
				ALWAYS_SEARCH_USER_PATHS = NO;
				ASSETCATALOG_COMPILER_GENERATE_SWIFT_ASSET_SYMBOL_EXTENSIONS = YES;
				CLANG_ANALYZER_NONNULL = YES;
				CLANG_ANALYZER_NUMBER_OBJECT_CONVERSION = YES_AGGRESSIVE;
				CLANG_CXX_LANGUAGE_STANDARD = "gnu++20";
				CLANG_ENABLE_MODULES = YES;
				CLANG_ENABLE_OBJC_ARC = YES;
				CLANG_ENABLE_OBJC_WEAK = YES;
				CLANG_WARN_BLOCK_CAPTURE_AUTORELEASING = YES;
				CLANG_WARN_BOOL_CONVERSION = YES;
				CLANG_WARN_COMMA = YES;
				CLANG_WARN_CONSTANT_CONVERSION = YES;
				CLANG_WARN_DEPRECATED_OBJC_IMPLEMENTATIONS = YES;
				CLANG_WARN_DIRECT_OBJC_ISA_USAGE = YES_ERROR;
				CLANG_WARN_DOCUMENTATION_COMMENTS = YES;
				CLANG_WARN_EMPTY_BODY = YES;
				CLANG_WARN_ENUM_CONVERSION = YES;
				CLANG_WARN_INFINITE_RECURSION = YES;
				CLANG_WARN_INT_CONVERSION = YES;
				CLANG_WARN_NON_LITERAL_NULL_CONVERSION = YES;
				CLANG_WARN_OBJC_IMPLICIT_RETAIN_SELF = YES;
				CLANG_WARN_OBJC_LITERAL_CONVERSION = YES;
				CLANG_WARN_OBJC_ROOT_CLASS = YES_ERROR;
				CLANG_WARN_QUOTED_INCLUDE_IN_FRAMEWORK_HEADER = YES;
				CLANG_WARN_RANGE_LOOP_ANALYSIS = YES;
				CLANG_WARN_STRICT_PROTOTYPES = YES;
				CLANG_WARN_SUSPICIOUS_MOVE = YES;
				CLANG_WARN_UNGUARDED_AVAILABILITY = YES_AGGRESSIVE;
				CLANG_WARN_UNREACHABLE_CODE = YES;
				CLANG_WARN__DUPLICATE_METHOD_MATCH = YES;
				COPY_PHASE_STRIP = NO;
				DEBUG_INFORMATION_FORMAT = "dwarf-with-dsym";
				ENABLE_NS_ASSERTIONS = NO;
				ENABLE_STRICT_OBJC_MSGSEND = YES;
				ENABLE_USER_SCRIPT_SANDBOXING = YES;
				GCC_C_LANGUAGE_STANDARD = gnu17;
				GCC_NO_COMMON_BLOCKS = YES;
				GCC_WARN_64_TO_32_BIT_CONVERSION = YES;
				GCC_WARN_ABOUT_RETURN_TYPE = YES_ERROR;
				GCC_WARN_UNDECLARED_SELECTOR = YES;
				GCC_WARN_UNINITIALIZED_AUTOS = YES_AGGRESSIVE;
				GCC_WARN_UNUSED_FUNCTION = YES;
				GCC_WARN_UNUSED_VARIABLE = YES;
				IPHONEOS_DEPLOYMENT_TARGET = 18.2;
				LOCALIZATION_PREFERS_STRING_CATALOGS = YES;
				MTL_ENABLE_DEBUG_INFO = NO;
				MTL_FAST_MATH = YES;
				SDKROOT = iphoneos;
				SWIFT_COMPILATION_MODE = wholemodule;
				VALIDATE_PRODUCT = YES;
			};
			name = Release;
		};
		EDCCC4542E103DAB004395AF /* Debug */ = {
			isa = XCBuildConfiguration;
			buildSettings = {
				ASSETCATALOG_COMPILER_APPICON_NAME = AppIcon;
				ASSETCATALOG_COMPILER_GLOBAL_ACCENT_COLOR_NAME = AccentColor;
				CODE_SIGN_STYLE = Automatic;
				CURRENT_PROJECT_VERSION = 1;
				DEVELOPMENT_ASSET_PATHS = "\"CustomeTabBar/Preview Content\"";
				DEVELOPMENT_TEAM = 8572WS27HD;
				ENABLE_PREVIEWS = YES;
				GENERATE_INFOPLIST_FILE = YES;
				INFOPLIST_KEY_UIApplicationSceneManifest_Generation = YES;
				INFOPLIST_KEY_UIApplicationSupportsIndirectInputEvents = YES;
				INFOPLIST_KEY_UILaunchScreen_Generation = YES;
				INFOPLIST_KEY_UISupportedInterfaceOrientations_iPad = "UIInterfaceOrientationPortrait UIInterfaceOrientationPortraitUpsideDown UIInterfaceOrientationLandscapeLeft UIInterfaceOrientationLandscapeRight";
				INFOPLIST_KEY_UISupportedInterfaceOrientations_iPhone = "UIInterfaceOrientationPortrait UIInterfaceOrientationLandscapeLeft UIInterfaceOrientationLandscapeRight";
				LD_RUNPATH_SEARCH_PATHS = (
					"$(inherited)",
					"@executable_path/Frameworks",
				);
				MARKETING_VERSION = 1.0;
				PRODUCT_BUNDLE_IDENTIFIER = boray.chen.CustomeTabBar;
				PRODUCT_NAME = "$(TARGET_NAME)";
				SWIFT_EMIT_LOC_STRINGS = YES;
				SWIFT_VERSION = 5.0;
				TARGETED_DEVICE_FAMILY = "1,2";
			};
			name = Debug;
		};
		EDCCC4552E103DAB004395AF /* Release */ = {
			isa = XCBuildConfiguration;
			buildSettings = {
				ASSETCATALOG_COMPILER_APPICON_NAME = AppIcon;
				ASSETCATALOG_COMPILER_GLOBAL_ACCENT_COLOR_NAME = AccentColor;
				CODE_SIGN_STYLE = Automatic;
				CURRENT_PROJECT_VERSION = 1;
				DEVELOPMENT_ASSET_PATHS = "\"CustomeTabBar/Preview Content\"";
				DEVELOPMENT_TEAM = 8572WS27HD;
				ENABLE_PREVIEWS = YES;
				GENERATE_INFOPLIST_FILE = YES;
				INFOPLIST_KEY_UIApplicationSceneManifest_Generation = YES;
				INFOPLIST_KEY_UIApplicationSupportsIndirectInputEvents = YES;
				INFOPLIST_KEY_UILaunchScreen_Generation = YES;
				INFOPLIST_KEY_UISupportedInterfaceOrientations_iPad = "UIInterfaceOrientationPortrait UIInterfaceOrientationPortraitUpsideDown UIInterfaceOrientationLandscapeLeft UIInterfaceOrientationLandscapeRight";
				INFOPLIST_KEY_UISupportedInterfaceOrientations_iPhone = "UIInterfaceOrientationPortrait UIInterfaceOrientationLandscapeLeft UIInterfaceOrientationLandscapeRight";
				LD_RUNPATH_SEARCH_PATHS = (
					"$(inherited)",
					"@executable_path/Frameworks",
				);
				MARKETING_VERSION = 1.0;
				PRODUCT_BUNDLE_IDENTIFIER = boray.chen.CustomeTabBar;
				PRODUCT_NAME = "$(TARGET_NAME)";
				SWIFT_EMIT_LOC_STRINGS = YES;
				SWIFT_VERSION = 5.0;
				TARGETED_DEVICE_FAMILY = "1,2";
			};
			name = Release;
		};
		EDCCC4572E103DAB004395AF /* Debug */ = {
			isa = XCBuildConfiguration;
			buildSettings = {
				BUNDLE_LOADER = "$(TEST_HOST)";
				CODE_SIGN_STYLE = Automatic;
				CURRENT_PROJECT_VERSION = 1;
				DEVELOPMENT_TEAM = 8572WS27HD;
				GENERATE_INFOPLIST_FILE = YES;
				IPHONEOS_DEPLOYMENT_TARGET = 18.2;
				MARKETING_VERSION = 1.0;
				PRODUCT_BUNDLE_IDENTIFIER = boray.chen.CustomeTabBarTests;
				PRODUCT_NAME = "$(TARGET_NAME)";
				SWIFT_EMIT_LOC_STRINGS = NO;
				SWIFT_VERSION = 5.0;
				TARGETED_DEVICE_FAMILY = "1,2";
				TEST_HOST = "$(BUILT_PRODUCTS_DIR)/CustomeTabBar.app/$(BUNDLE_EXECUTABLE_FOLDER_PATH)/CustomeTabBar";
			};
			name = Debug;
		};
		EDCCC4582E103DAB004395AF /* Release */ = {
			isa = XCBuildConfiguration;
			buildSettings = {
				BUNDLE_LOADER = "$(TEST_HOST)";
				CODE_SIGN_STYLE = Automatic;
				CURRENT_PROJECT_VERSION = 1;
				DEVELOPMENT_TEAM = 8572WS27HD;
				GENERATE_INFOPLIST_FILE = YES;
				IPHONEOS_DEPLOYMENT_TARGET = 18.2;
				MARKETING_VERSION = 1.0;
				PRODUCT_BUNDLE_IDENTIFIER = boray.chen.CustomeTabBarTests;
				PRODUCT_NAME = "$(TARGET_NAME)";
				SWIFT_EMIT_LOC_STRINGS = NO;
				SWIFT_VERSION = 5.0;
				TARGETED_DEVICE_FAMILY = "1,2";
				TEST_HOST = "$(BUILT_PRODUCTS_DIR)/CustomeTabBar.app/$(BUNDLE_EXECUTABLE_FOLDER_PATH)/CustomeTabBar";
			};
			name = Release;
		};
		EDCCC45A2E103DAB004395AF /* Debug */ = {
			isa = XCBuildConfiguration;
			buildSettings = {
				CODE_SIGN_STYLE = Automatic;
				CURRENT_PROJECT_VERSION = 1;
				DEVELOPMENT_TEAM = 8572WS27HD;
				GENERATE_INFOPLIST_FILE = YES;
				MARKETING_VERSION = 1.0;
				PRODUCT_BUNDLE_IDENTIFIER = boray.chen.CustomeTabBarUITests;
				PRODUCT_NAME = "$(TARGET_NAME)";
				SWIFT_EMIT_LOC_STRINGS = NO;
				SWIFT_VERSION = 5.0;
				TARGETED_DEVICE_FAMILY = "1,2";
				TEST_TARGET_NAME = CustomeTabBar;
			};
			name = Debug;
		};
		EDCCC45B2E103DAB004395AF /* Release */ = {
			isa = XCBuildConfiguration;
			buildSettings = {
				CODE_SIGN_STYLE = Automatic;
				CURRENT_PROJECT_VERSION = 1;
				DEVELOPMENT_TEAM = 8572WS27HD;
				GENERATE_INFOPLIST_FILE = YES;
				MARKETING_VERSION = 1.0;
				PRODUCT_BUNDLE_IDENTIFIER = boray.chen.CustomeTabBarUITests;
				PRODUCT_NAME = "$(TARGET_NAME)";
				SWIFT_EMIT_LOC_STRINGS = NO;
				SWIFT_VERSION = 5.0;
				TARGETED_DEVICE_FAMILY = "1,2";
				TEST_TARGET_NAME = CustomeTabBar;
			};
			name = Release;
		};
/* End XCBuildConfiguration section */

/* Begin XCConfigurationList section */
		EDCCC42A2E103DAB004395AF /* Build configuration list for PBXProject "CustomeTabBar" */ = {
			isa = XCConfigurationList;
			buildConfigurations = (
				EDCCC4512E103DAB004395AF /* Debug */,
				EDCCC4522E103DAB004395AF /* Release */,
			);
			defaultConfigurationIsVisible = 0;
			defaultConfigurationName = Release;
		};
		EDCCC4532E103DAB004395AF /* Build configuration list for PBXNativeTarget "CustomeTabBar" */ = {
			isa = XCConfigurationList;
			buildConfigurations = (
				EDCCC4542E103DAB004395AF /* Debug */,
				EDCCC4552E103DAB004395AF /* Release */,
			);
			defaultConfigurationIsVisible = 0;
			defaultConfigurationName = Release;
		};
		EDCCC4562E103DAB004395AF /* Build configuration list for PBXNativeTarget "CustomeTabBarTests" */ = {
			isa = XCConfigurationList;
			buildConfigurations = (
				EDCCC4572E103DAB004395AF /* Debug */,
				EDCCC4582E103DAB004395AF /* Release */,
			);
			defaultConfigurationIsVisible = 0;
			defaultConfigurationName = Release;
		};
		EDCCC4592E103DAB004395AF /* Build configuration list for PBXNativeTarget "CustomeTabBarUITests" */ = {
			isa = XCConfigurationList;
			buildConfigurations = (
				EDCCC45A2E103DAB004395AF /* Debug */,
				EDCCC45B2E103DAB004395AF /* Release */,
			);
			defaultConfigurationIsVisible = 0;
			defaultConfigurationName = Release;
		};
/* End XCConfigurationList section */
	};
	rootObject = EDCCC4272E103DAB004395AF /* Project object */;
}
